// !$*UTF8*$!
{
	archiveVersion = 1;
	classes = {
	};
	objectVersion = 50;
	objects = {

/* Begin PBXBuildFile section */
		52F2E608D746B11B14215DCA /* Pods_Imovies.framework in Frameworks */ = {isa = PBXBuildFile; fileRef = 02ACD8CA5CFCE4085022CF9D /* Pods_Imovies.framework */; };
		7C9D418222492A76008A3939 /* TableView.swift in Sources */ = {isa = PBXBuildFile; fileRef = 7C9D418122492A76008A3939 /* TableView.swift */; };
		7CB5CC6F2249596700A0E2DB /* Constants.swift in Sources */ = {isa = PBXBuildFile; fileRef = 7CB5CC6E2249596700A0E2DB /* Constants.swift */; };
		7CCCD34B2247C00E0025DE99 /* AppDelegate.swift in Sources */ = {isa = PBXBuildFile; fileRef = 7CCCD34A2247C00E0025DE99 /* AppDelegate.swift */; };
		7CCCD34D2247C00E0025DE99 /* MainVC.swift in Sources */ = {isa = PBXBuildFile; fileRef = 7CCCD34C2247C00E0025DE99 /* MainVC.swift */; };
		7CCCD3502247C00E0025DE99 /* Main.storyboard in Resources */ = {isa = PBXBuildFile; fileRef = 7CCCD34E2247C00E0025DE99 /* Main.storyboard */; };
		7CCCD3532247C00E0025DE99 /* Imovies.xcdatamodeld in Sources */ = {isa = PBXBuildFile; fileRef = 7CCCD3512247C00E0025DE99 /* Imovies.xcdatamodeld */; };
		7CCCD3552247C00F0025DE99 /* Assets.xcassets in Resources */ = {isa = PBXBuildFile; fileRef = 7CCCD3542247C00F0025DE99 /* Assets.xcassets */; };
		7CCCD3582247C00F0025DE99 /* LaunchScreen.storyboard in Resources */ = {isa = PBXBuildFile; fileRef = 7CCCD3562247C00F0025DE99 /* LaunchScreen.storyboard */; };
		7CCCD3622247D68E0025DE99 /* Movie.swift in Sources */ = {isa = PBXBuildFile; fileRef = 7CCCD3612247D68E0025DE99 /* Movie.swift */; };
/* End PBXBuildFile section */

/* Begin PBXFileReference section */
		02ACD8CA5CFCE4085022CF9D /* Pods_Imovies.framework */ = {isa = PBXFileReference; explicitFileType = wrapper.framework; includeInIndex = 0; path = Pods_Imovies.framework; sourceTree = BUILT_PRODUCTS_DIR; };
		7C8799BC22481E9B009989E7 /* Base */ = {isa = PBXFileReference; lastKnownFileType = file.storyboard; name = Base; path = Base.lproj/Main.storyboard; sourceTree = "<group>"; };
		7C9D418122492A76008A3939 /* TableView.swift */ = {isa = PBXFileReference; lastKnownFileType = sourcecode.swift; path = TableView.swift; sourceTree = "<group>"; };
		7CB5CC6E2249596700A0E2DB /* Constants.swift */ = {isa = PBXFileReference; lastKnownFileType = sourcecode.swift; path = Constants.swift; sourceTree = "<group>"; };
		7CCCD3472247C00E0025DE99 /* Imovies.app */ = {isa = PBXFileReference; explicitFileType = wrapper.application; includeInIndex = 0; path = Imovies.app; sourceTree = BUILT_PRODUCTS_DIR; };
		7CCCD34A2247C00E0025DE99 /* AppDelegate.swift */ = {isa = PBXFileReference; lastKnownFileType = sourcecode.swift; path = AppDelegate.swift; sourceTree = "<group>"; };
		7CCCD34C2247C00E0025DE99 /* MainVC.swift */ = {isa = PBXFileReference; lastKnownFileType = sourcecode.swift; path = MainVC.swift; sourceTree = "<group>"; };
		7CCCD3522247C00E0025DE99 /* Imovies.xcdatamodel */ = {isa = PBXFileReference; lastKnownFileType = wrapper.xcdatamodel; path = Imovies.xcdatamodel; sourceTree = "<group>"; };
		7CCCD3542247C00F0025DE99 /* Assets.xcassets */ = {isa = PBXFileReference; lastKnownFileType = folder.assetcatalog; path = Assets.xcassets; sourceTree = "<group>"; };
		7CCCD3572247C00F0025DE99 /* Base */ = {isa = PBXFileReference; lastKnownFileType = file.storyboard; name = Base; path = Base.lproj/LaunchScreen.storyboard; sourceTree = "<group>"; };
		7CCCD3592247C00F0025DE99 /* Info.plist */ = {isa = PBXFileReference; lastKnownFileType = text.plist.xml; path = Info.plist; sourceTree = "<group>"; };
		7CCCD3612247D68E0025DE99 /* Movie.swift */ = {isa = PBXFileReference; lastKnownFileType = sourcecode.swift; path = Movie.swift; sourceTree = "<group>"; };
		B950E7F8732171CC73895FFF /* Pods-Imovies.debug.xcconfig */ = {isa = PBXFileReference; includeInIndex = 1; lastKnownFileType = text.xcconfig; name = "Pods-Imovies.debug.xcconfig"; path = "Pods/Target Support Files/Pods-Imovies/Pods-Imovies.debug.xcconfig"; sourceTree = "<group>"; };
		DD6DE8D8AEF786CCFDEBB5A6 /* Pods-Imovies.release.xcconfig */ = {isa = PBXFileReference; includeInIndex = 1; lastKnownFileType = text.xcconfig; name = "Pods-Imovies.release.xcconfig"; path = "Pods/Target Support Files/Pods-Imovies/Pods-Imovies.release.xcconfig"; sourceTree = "<group>"; };
/* End PBXFileReference section */

/* Begin PBXFrameworksBuildPhase section */
		7CCCD3442247C00E0025DE99 /* Frameworks */ = {
			isa = PBXFrameworksBuildPhase;
			buildActionMask = 2147483647;
			files = (
				52F2E608D746B11B14215DCA /* Pods_Imovies.framework in Frameworks */,
			);
			runOnlyForDeploymentPostprocessing = 0;
		};
/* End PBXFrameworksBuildPhase section */

/* Begin PBXGroup section */
		7CC199642253DE4800B513FC /* Model */ = {
			isa = PBXGroup;
			children = (
				7CCCD3562247C00F0025DE99 /* LaunchScreen.storyboard */,
				7CCCD3612247D68E0025DE99 /* Movie.swift */,
			);
			name = Model;
			path = "ؤخيثم";
			sourceTree = "<group>";
		};
		7CC199652253DE5700B513FC /* View */ = {
			isa = PBXGroup;
			children = (
				7CCCD34E2247C00E0025DE99 /* Main.storyboard */,
			);
			path = View;
			sourceTree = "<group>";
		};
		7CC199662253DE6100B513FC /* Controller */ = {
			isa = PBXGroup;
			children = (
				7CCCD34A2247C00E0025DE99 /* AppDelegate.swift */,
				7CCCD34C2247C00E0025DE99 /* MainVC.swift */,
				7C9D418122492A76008A3939 /* TableView.swift */,
			);
			path = Controller;
			sourceTree = "<group>";
		};
		7CC199672253DF1000B513FC /* Otherfiles */ = {
			isa = PBXGroup;
			children = (
				7CB5CC6E2249596700A0E2DB /* Constants.swift */,
			);
			path = Otherfiles;
			sourceTree = "<group>";
		};
		7CCCD33E2247C00E0025DE99 = {
			isa = PBXGroup;
			children = (
				7CCCD3492247C00E0025DE99 /* Imovies */,
				7CCCD3482247C00E0025DE99 /* Products */,
				921D1AE29D22672FB13C85B2 /* Pods */,
				80FD584577DFD6D048724B72 /* Frameworks */,
			);
			sourceTree = "<group>";
		};
		7CCCD3482247C00E0025DE99 /* Products */ = {
			isa = PBXGroup;
			children = (
				7CCCD3472247C00E0025DE99 /* Imovies.app */,
			);
			name = Products;
			sourceTree = "<group>";
		};
		7CCCD3492247C00E0025DE99 /* Imovies */ = {
			isa = PBXGroup;
			children = (
				7CC199672253DF1000B513FC /* Otherfiles */,
				7CC199662253DE6100B513FC /* Controller */,
				7CC199652253DE5700B513FC /* View */,
				7CC199642253DE4800B513FC /* Model */,
				7CCCD3542247C00F0025DE99 /* Assets.xcassets */,
				7CCCD3592247C00F0025DE99 /* Info.plist */,
				7CCCD3512247C00E0025DE99 /* Imovies.xcdatamodeld */,
			);
			path = Imovies;
			sourceTree = "<group>";
		};
		80FD584577DFD6D048724B72 /* Frameworks */ = {
			isa = PBXGroup;
			children = (
				02ACD8CA5CFCE4085022CF9D /* Pods_Imovies.framework */,
			);
			name = Frameworks;
			sourceTree = "<group>";
		};
		921D1AE29D22672FB13C85B2 /* Pods */ = {
			isa = PBXGroup;
			children = (
				B950E7F8732171CC73895FFF /* Pods-Imovies.debug.xcconfig */,
				DD6DE8D8AEF786CCFDEBB5A6 /* Pods-Imovies.release.xcconfig */,
			);
			name = Pods;
			sourceTree = "<group>";
		};
/* End PBXGroup section */

/* Begin PBXNativeTarget section */
		7CCCD3462247C00E0025DE99 /* Imovies */ = {
			isa = PBXNativeTarget;
			buildConfigurationList = 7CCCD35C2247C00F0025DE99 /* Build configuration list for PBXNativeTarget "Imovies" */;
			buildPhases = (
				FBB6800B329390A232DD0176 /* [CP] Check Pods Manifest.lock */,
				7CCCD3432247C00E0025DE99 /* Sources */,
				7CCCD3442247C00E0025DE99 /* Frameworks */,
				7CCCD3452247C00E0025DE99 /* Resources */,
				E8BF8347EF941E3708700ECC /* [CP] Embed Pods Frameworks */,
			);
			buildRules = (
			);
			dependencies = (
			);
			name = Imovies;
			productName = Imovies;
			productReference = 7CCCD3472247C00E0025DE99 /* Imovies.app */;
			productType = "com.apple.product-type.application";
		};
/* End PBXNativeTarget section */

/* Begin PBXProject section */
		7CCCD33F2247C00E0025DE99 /* Project object */ = {
			isa = PBXProject;
			attributes = {
				LastSwiftUpdateCheck = 1010;
				LastUpgradeCheck = 1010;
				ORGANIZATIONNAME = "Khaled Bohout";
				TargetAttributes = {
					7CCCD3462247C00E0025DE99 = {
						CreatedOnToolsVersion = 10.1;
						LastSwiftMigration = 1020;
					};
				};
			};
			buildConfigurationList = 7CCCD3422247C00E0025DE99 /* Build configuration list for PBXProject "Imovies" */;
			compatibilityVersion = "Xcode 9.3";
			developmentRegion = en;
			hasScannedForEncodings = 0;
			knownRegions = (
				en,
				Base,
			);
			mainGroup = 7CCCD33E2247C00E0025DE99;
			productRefGroup = 7CCCD3482247C00E0025DE99 /* Products */;
			projectDirPath = "";
			projectRoot = "";
			targets = (
				7CCCD3462247C00E0025DE99 /* Imovies */,
			);
		};
/* End PBXProject section */

/* Begin PBXResourcesBuildPhase section */
		7CCCD3452247C00E0025DE99 /* Resources */ = {
			isa = PBXResourcesBuildPhase;
			buildActionMask = 2147483647;
			files = (
				7CCCD3582247C00F0025DE99 /* LaunchScreen.storyboard in Resources */,
				7CCCD3552247C00F0025DE99 /* Assets.xcassets in Resources */,
				7CCCD3502247C00E0025DE99 /* Main.storyboard in Resources */,
			);
			runOnlyForDeploymentPostprocessing = 0;
		};
/* End PBXResourcesBuildPhase section */

/* Begin PBXShellScriptBuildPhase section */
		E8BF8347EF941E3708700ECC /* [CP] Embed Pods Frameworks */ = {
			isa = PBXShellScriptBuildPhase;
			buildActionMask = 2147483647;
			files = (
			);
			inputFileListPaths = (
			);
			inputPaths = (
				"${SRCROOT}/Pods/Target Support Files/Pods-Imovies/Pods-Imovies-frameworks.sh",
				"${BUILT_PRODUCTS_DIR}/Alamofire/Alamofire.framework",
			);
			name = "[CP] Embed Pods Frameworks";
			outputFileListPaths = (
			);
			outputPaths = (
				"${TARGET_BUILD_DIR}/${FRAMEWORKS_FOLDER_PATH}/Alamofire.framework",
			);
			runOnlyForDeploymentPostprocessing = 0;
			shellPath = /bin/sh;
			shellScript = "\"${SRCROOT}/Pods/Target Support Files/Pods-Imovies/Pods-Imovies-frameworks.sh\"\n";
			showEnvVarsInLog = 0;
		};
		FBB6800B329390A232DD0176 /* [CP] Check Pods Manifest.lock */ = {
			isa = PBXShellScriptBuildPhase;
			buildActionMask = 2147483647;
			files = (
			);
			inputFileListPaths = (
			);
			inputPaths = (
				"${PODS_PODFILE_DIR_PATH}/Podfile.lock",
				"${PODS_ROOT}/Manifest.lock",
			);
			name = "[CP] Check Pods Manifest.lock";
			outputFileListPaths = (
			);
			outputPaths = (
				"$(DERIVED_FILE_DIR)/Pods-Imovies-checkManifestLockResult.txt",
			);
			runOnlyForDeploymentPostprocessing = 0;
			shellPath = /bin/sh;
			shellScript = "diff \"${PODS_PODFILE_DIR_PATH}/Podfile.lock\" \"${PODS_ROOT}/Manifest.lock\" > /dev/null\nif [ $? != 0 ] ; then\n    # print error to STDERR\n    echo \"error: The sandbox is not in sync with the Podfile.lock. Run 'pod install' or update your CocoaPods installation.\" >&2\n    exit 1\nfi\n# This output is used by Xcode 'outputs' to avoid re-running this script phase.\necho \"SUCCESS\" > \"${SCRIPT_OUTPUT_FILE_0}\"\n";
			showEnvVarsInLog = 0;
		};
/* End PBXShellScriptBuildPhase section */

/* Begin PBXSourcesBuildPhase section */
		7CCCD3432247C00E0025DE99 /* Sources */ = {
			isa = PBXSourcesBuildPhase;
			buildActionMask = 2147483647;
			files = (
				7CCCD34D2247C00E0025DE99 /* MainVC.swift in Sources */,
				7C9D418222492A76008A3939 /* TableView.swift in Sources */,
				7CCCD3532247C00E0025DE99 /* Imovies.xcdatamodeld in Sources */,
				7CCCD34B2247C00E0025DE99 /* AppDelegate.swift in Sources */,
				7CCCD3622247D68E0025DE99 /* Movie.swift in Sources */,
				7CB5CC6F2249596700A0E2DB /* Constants.swift in Sources */,
			);
			runOnlyForDeploymentPostprocessing = 0;
		};
/* End PBXSourcesBuildPhase section */

/* Begin PBXVariantGroup section */
		7CCCD34E2247C00E0025DE99 /* Main.storyboard */ = {
			isa = PBXVariantGroup;
			children = (
				7C8799BC22481E9B009989E7 /* Base */,
			);
			name = Main.storyboard;
			sourceTree = "<group>";
		};
		7CCCD3562247C00F0025DE99 /* LaunchScreen.storyboard */ = {
			isa = PBXVariantGroup;
			children = (
				7CCCD3572247C00F0025DE99 /* Base */,
			);
			name = LaunchScreen.storyboard;
			sourceTree = "<group>";
		};
/* End PBXVariantGroup section */

/* Begin XCBuildConfiguration section */
		7CCCD35A2247C00F0025DE99 /* Debug */ = {
			isa = XCBuildConfiguration;
			buildSettings = {
				ALWAYS_SEARCH_USER_PATHS = NO;
				CLANG_ANALYZER_NONNULL = YES;
				CLANG_ANALYZER_NUMBER_OBJECT_CONVERSION = YES_AGGRESSIVE;
				CLANG_CXX_LANGUAGE_STANDARD = "gnu++14";
				CLANG_CXX_LIBRARY = "libc++";
				CLANG_ENABLE_MODULES = YES;
				CLANG_ENABLE_OBJC_ARC = YES;
				CLANG_ENABLE_OBJC_WEAK = YES;
				CLANG_WARN_BLOCK_CAPTURE_AUTORELEASING = YES;
				CLANG_WARN_BOOL_CONVERSION = YES;
				CLANG_WARN_COMMA = YES;
				CLANG_WARN_CONSTANT_CONVERSION = YES;
				CLANG_WARN_DEPRECATED_OBJC_IMPLEMENTATIONS = YES;
				CLANG_WARN_DIRECT_OBJC_ISA_USAGE = YES_ERROR;
				CLANG_WARN_DOCUMENTATION_COMMENTS = YES;
				CLANG_WARN_EMPTY_BODY = YES;
				CLANG_WARN_ENUM_CONVERSION = YES;
				CLANG_WARN_INFINITE_RECURSION = YES;
				CLANG_WARN_INT_CONVERSION = YES;
				CLANG_WARN_NON_LITERAL_NULL_CONVERSION = YES;
				CLANG_WARN_OBJC_IMPLICIT_RETAIN_SELF = YES;
				CLANG_WARN_OBJC_LITERAL_CONVERSION = YES;
				CLANG_WARN_OBJC_ROOT_CLASS = YES_ERROR;
				CLANG_WARN_RANGE_LOOP_ANALYSIS = YES;
				CLANG_WARN_STRICT_PROTOTYPES = YES;
				CLANG_WARN_SUSPICIOUS_MOVE = YES;
				CLANG_WARN_UNGUARDED_AVAILABILITY = YES_AGGRESSIVE;
				CLANG_WARN_UNREACHABLE_CODE = YES;
				CLANG_WARN__DUPLICATE_METHOD_MATCH = YES;
				CODE_SIGN_IDENTITY = "iPhone Developer";
				COPY_PHASE_STRIP = NO;
				DEBUG_INFORMATION_FORMAT = dwarf;
				ENABLE_STRICT_OBJC_MSGSEND = YES;
				ENABLE_TESTABILITY = YES;
				GCC_C_LANGUAGE_STANDARD = gnu11;
				GCC_DYNAMIC_NO_PIC = NO;
				GCC_NO_COMMON_BLOCKS = YES;
				GCC_OPTIMIZATION_LEVEL = 0;
				GCC_PREPROCESSOR_DEFINITIONS = (
					"DEBUG=1",
					"$(inherited)",
				);
				GCC_WARN_64_TO_32_BIT_CONVERSION = YES;
				GCC_WARN_ABOUT_RETURN_TYPE = YES_ERROR;
				GCC_WARN_UNDECLARED_SELECTOR = YES;
				GCC_WARN_UNINITIALIZED_AUTOS = YES_AGGRESSIVE;
				GCC_WARN_UNUSED_FUNCTION = YES;
				GCC_WARN_UNUSED_VARIABLE = YES;
				IPHONEOS_DEPLOYMENT_TARGET = 12.1;
				MTL_ENABLE_DEBUG_INFO = INCLUDE_SOURCE;
				MTL_FAST_MATH = YES;
				ONLY_ACTIVE_ARCH = YES;
				SDKROOT = iphoneos;
				SWIFT_ACTIVE_COMPILATION_CONDITIONS = DEBUG;
				SWIFT_OPTIMIZATION_LEVEL = "-Onone";
			};
			name = Debug;
		};
		7CCCD35B2247C00F0025DE99 /* Release */ = {
			isa = XCBuildConfiguration;
			buildSettings = {
				ALWAYS_SEARCH_USER_PATHS = NO;
				CLANG_ANALYZER_NONNULL = YES;
				CLANG_ANALYZER_NUMBER_OBJECT_CONVERSION = YES_AGGRESSIVE;
				CLANG_CXX_LANGUAGE_STANDARD = "gnu++14";
				CLANG_CXX_LIBRARY = "libc++";
				CLANG_ENABLE_MODULES = YES;
				CLANG_ENABLE_OBJC_ARC = YES;
				CLANG_ENABLE_OBJC_WEAK = YES;
				CLANG_WARN_BLOCK_CAPTURE_AUTORELEASING = YES;
				CLANG_WARN_BOOL_CONVERSION = YES;
				CLANG_WARN_COMMA = YES;
				CLANG_WARN_CONSTANT_CONVERSION = YES;
				CLANG_WARN_DEPRECATED_OBJC_IMPLEMENTATIONS = YES;
				CLANG_WARN_DIRECT_OBJC_ISA_USAGE = YES_ERROR;
				CLANG_WARN_DOCUMENTATION_COMMENTS = YES;
				CLANG_WARN_EMPTY_BODY = YES;
				CLANG_WARN_ENUM_CONVERSION = YES;
				CLANG_WARN_INFINITE_RECURSION = YES;
				CLANG_WARN_INT_CONVERSION = YES;
				CLANG_WARN_NON_LITERAL_NULL_CONVERSION = YES;
				CLANG_WARN_OBJC_IMPLICIT_RETAIN_SELF = YES;
				CLANG_WARN_OBJC_LITERAL_CONVERSION = YES;
				CLANG_WARN_OBJC_ROOT_CLASS = YES_ERROR;
				CLANG_WARN_RANGE_LOOP_ANALYSIS = YES;
				CLANG_WARN_STRICT_PROTOTYPES = YES;
				CLANG_WARN_SUSPICIOUS_MOVE = YES;
				CLANG_WARN_UNGUARDED_AVAILABILITY = YES_AGGRESSIVE;
				CLANG_WARN_UNREACHABLE_CODE = YES;
				CLANG_WARN__DUPLICATE_METHOD_MATCH = YES;
				CODE_SIGN_IDENTITY = "iPhone Developer";
				COPY_PHASE_STRIP = NO;
				DEBUG_INFORMATION_FORMAT = "dwarf-with-dsym";
				ENABLE_NS_ASSERTIONS = NO;
				ENABLE_STRICT_OBJC_MSGSEND = YES;
				GCC_C_LANGUAGE_STANDARD = gnu11;
				GCC_NO_COMMON_BLOCKS = YES;
				GCC_WARN_64_TO_32_BIT_CONVERSION = YES;
				GCC_WARN_ABOUT_RETURN_TYPE = YES_ERROR;
				GCC_WARN_UNDECLARED_SELECTOR = YES;
				GCC_WARN_UNINITIALIZED_AUTOS = YES_AGGRESSIVE;
				GCC_WARN_UNUSED_FUNCTION = YES;
				GCC_WARN_UNUSED_VARIABLE = YES;
				IPHONEOS_DEPLOYMENT_TARGET = 12.1;
				MTL_ENABLE_DEBUG_INFO = NO;
				MTL_FAST_MATH = YES;
				SDKROOT = iphoneos;
				SWIFT_COMPILATION_MODE = wholemodule;
				SWIFT_OPTIMIZATION_LEVEL = "-O";
				VALIDATE_PRODUCT = YES;
			};
			name = Release;
		};
		7CCCD35D2247C00F0025DE99 /* Debug */ = {
			isa = XCBuildConfiguration;
			baseConfigurationReference = B950E7F8732171CC73895FFF /* Pods-Imovies.debug.xcconfig */;
			buildSettings = {
				ASSETCATALOG_COMPILER_APPICON_NAME = AppIcon;
				CODE_SIGN_STYLE = Automatic;
				INFOPLIST_FILE = Imovies/Info.plist;
				LD_RUNPATH_SEARCH_PATHS = (
					"$(inherited)",
					"@executable_path/Frameworks",
				);
				PRODUCT_BUNDLE_IDENTIFIER = khaled.Imovies;
				PRODUCT_NAME = "$(TARGET_NAME)";
				SWIFT_VERSION = 5.0;
				TARGETED_DEVICE_FAMILY = "1,2";
			};
			name = Debug;
		};
		7CCCD35E2247C00F0025DE99 /* Release */ = {
			isa = XCBuildConfiguration;
			baseConfigurationReference = DD6DE8D8AEF786CCFDEBB5A6 /* Pods-Imovies.release.xcconfig */;
			buildSettings = {
				ASSETCATALOG_COMPILER_APPICON_NAME = AppIcon;
				CODE_SIGN_STYLE = Automatic;
				INFOPLIST_FILE = Imovies/Info.plist;
				LD_RUNPATH_SEARCH_PATHS = (
					"$(inherited)",
					"@executable_path/Frameworks",
				);
				PRODUCT_BUNDLE_IDENTIFIER = khaled.Imovies;
				PRODUCT_NAME = "$(TARGET_NAME)";
				SWIFT_VERSION = 5.0;
				TARGETED_DEVICE_FAMILY = "1,2";
			};
			name = Release;
		};
/* End XCBuildConfiguration section */

/* Begin XCConfigurationList section */
		7CCCD3422247C00E0025DE99 /* Build configuration list for PBXProject "Imovies" */ = {
			isa = XCConfigurationList;
			buildConfigurations = (
				7CCCD35A2247C00F0025DE99 /* Debug */,
				7CCCD35B2247C00F0025DE99 /* Release */,
			);
			defaultConfigurationIsVisible = 0;
			defaultConfigurationName = Release;
		};
		7CCCD35C2247C00F0025DE99 /* Build configuration list for PBXNativeTarget "Imovies" */ = {
			isa = XCConfigurationList;
			buildConfigurations = (
				7CCCD35D2247C00F0025DE99 /* Debug */,
				7CCCD35E2247C00F0025DE99 /* Release */,
			);
			defaultConfigurationIsVisible = 0;
			defaultConfigurationName = Release;
		};
/* End XCConfigurationList section */

/* Begin XCVersionGroup section */
		7CCCD3512247C00E0025DE99 /* Imovies.xcdatamodeld */ = {
			isa = XCVersionGroup;
			children = (
				7CCCD3522247C00E0025DE99 /* Imovies.xcdatamodel */,
			);
			currentVersion = 7CCCD3522247C00E0025DE99 /* Imovies.xcdatamodel */;
			path = Imovies.xcdatamodeld;
			sourceTree = "<group>";
			versionGroupType = wrapper.xcdatamodel;
		};
/* End XCVersionGroup section */
	};
	rootObject = 7CCCD33F2247C00E0025DE99 /* Project object */;
}
